
Microsoft Visual Studio Solution File, Format Version 12.00
# Visual Studio 15
VisualStudioVersion = 15.0.28307.572
MinimumVisualStudioVersion = 10.0.40219.1
Project("{FAE04EC0-301F-11D3-BF4B-00C04F79EFBC}") = "Lab1", "Lab1\Lab1.csproj", "{778D6984-E8CC-438D-B4E5-45B6785DF633}"
EndProject
Global
	GlobalSection(SolutionConfigurationPlatforms) = preSolution
		Debug|Any CPU = Debug|Any CPU
		Release|Any CPU = Release|Any CPU
	EndGlobalSection
	GlobalSection(ProjectConfigurationPlatforms) = postSolution
		{778D6984-E8CC-438D-B4E5-45B6785DF633}.Debug|Any CPU.ActiveCfg = Debug|Any CPU
		{778D6984-E8CC-438D-B4E5-45B6785DF633}.Debug|Any CPU.Build.0 = Debug|Any CPU
		{778D6984-E8CC-438D-B4E5-45B6785DF633}.Release|Any CPU.ActiveCfg = Release|Any CPU
		{778D6984-E8CC-438D-B4E5-45B6785DF633}.Release|Any CPU.Build.0 = Release|Any CPU
	EndGlobalSection
	GlobalSection(SolutionProperties) = preSolution
		HideSolutionNode = FALSE
	EndGlobalSection
	GlobalSection(ExtensibilityGlobals) = postSolution
		SolutionGuid = {A17E5FF0-5B2D-4BE0-9AE2-955B77570AC8}
	EndGlobalSection
EndGlobal
